
Microsoft Visual Studio Solution File, Format Version 12.00
# Visual Studio Version 17
VisualStudioVersion = 17.0.31912.275
MinimumVisualStudioVersion = 10.0.40219.1
Project("{FAE04EC0-301F-11D3-BF4B-00C04F79EFBC}") = "ExercicioCadastroDeAluno", "ExercicioCadastroDeAluno\ExercicioCadastroDeAluno.csproj", "{9DD800B2-30C6-47BE-B1CE-455DEEC8ACC3}"
EndProject
Project("{FAE04EC0-301F-11D3-BF4B-00C04F79EFBC}") = "FabricaPadrao", "FabricaPadrao\FabricaPadrao.csproj", "{BB5BB150-06CD-4B6D-B1C5-CC2A10DFD51B}"
EndProject
Global
	GlobalSection(SolutionConfigurationPlatforms) = preSolution
		Debug|Any CPU = Debug|Any CPU
		Release|Any CPU = Release|Any CPU
	EndGlobalSection
	GlobalSection(ProjectConfigurationPlatforms) = postSolution
		{9DD800B2-30C6-47BE-B1CE-455DEEC8ACC3}.Debug|Any CPU.ActiveCfg = Debug|Any CPU
		{9DD800B2-30C6-47BE-B1CE-455DEEC8ACC3}.Debug|Any CPU.Build.0 = Debug|Any CPU
		{9DD800B2-30C6-47BE-B1CE-455DEEC8ACC3}.Release|Any CPU.ActiveCfg = Release|Any CPU
		{9DD800B2-30C6-47BE-B1CE-455DEEC8ACC3}.Release|Any CPU.Build.0 = Release|Any CPU
		{BB5BB150-06CD-4B6D-B1C5-CC2A10DFD51B}.Debug|Any CPU.ActiveCfg = Debug|Any CPU
		{BB5BB150-06CD-4B6D-B1C5-CC2A10DFD51B}.Debug|Any CPU.Build.0 = Debug|Any CPU
		{BB5BB150-06CD-4B6D-B1C5-CC2A10DFD51B}.Release|Any CPU.ActiveCfg = Release|Any CPU
		{BB5BB150-06CD-4B6D-B1C5-CC2A10DFD51B}.Release|Any CPU.Build.0 = Release|Any CPU
	EndGlobalSection
	GlobalSection(SolutionProperties) = preSolution
		HideSolutionNode = FALSE
	EndGlobalSection
	GlobalSection(ExtensibilityGlobals) = postSolution
		SolutionGuid = {B3FB6AF6-1B98-416D-A206-CE801E22016F}
	EndGlobalSection
EndGlobal
